
Microsoft Visual Studio Solution File, Format Version 12.00
# Visual Studio 15
VisualStudioVersion = 15.0.28010.2026
MinimumVisualStudioVersion = 10.0.40219.1
Project("{FAE04EC0-301F-11D3-BF4B-00C04F79EFBC}") = "CoreoHome.ProcessBulkUploadFiles", "CoreoHome.ProcessBulkUploadFiles\CoreoHome.ProcessBulkUploadFiles.csproj", "{57BC9416-71C3-49F7-A37E-1C570CD8E8EC}"
EndProject
Global
	GlobalSection(SolutionConfigurationPlatforms) = preSolution
		Debug|Any CPU = Debug|Any CPU
		Release|Any CPU = Release|Any CPU
	EndGlobalSection
	GlobalSection(ProjectConfigurationPlatforms) = postSolution
		{57BC9416-71C3-49F7-A37E-1C570CD8E8EC}.Debug|Any CPU.ActiveCfg = Debug|Any CPU
		{57BC9416-71C3-49F7-A37E-1C570CD8E8EC}.Debug|Any CPU.Build.0 = Debug|Any CPU
		{57BC9416-71C3-49F7-A37E-1C570CD8E8EC}.Release|Any CPU.ActiveCfg = Release|Any CPU
		{57BC9416-71C3-49F7-A37E-1C570CD8E8EC}.Release|Any CPU.Build.0 = Release|Any CPU
	EndGlobalSection
	GlobalSection(SolutionProperties) = preSolution
		HideSolutionNode = FALSE
	EndGlobalSection
	GlobalSection(ExtensibilityGlobals) = postSolution
		SolutionGuid = {5F31ED4F-12D0-4C90-B0BD-F097F2F20D62}
	EndGlobalSection
EndGlobal
